
Microsoft Visual Studio Solution File, Format Version 12.00
# Visual Studio Version 17
VisualStudioVersion = 17.12.35527.113 d17.12
MinimumVisualStudioVersion = 10.0.40219.1
Project("{FAE04EC0-301F-11D3-BF4B-00C04F79EFBC}") = "Movie_management_system", "Movie_management_system.csproj", "{5F5351E0-0BEA-4F96-9E06-E720840431FC}"
EndProject
Global
	GlobalSection(SolutionConfigurationPlatforms) = preSolution
		Debug|Any CPU = Debug|Any CPU
		Release|Any CPU = Release|Any CPU
	EndGlobalSection
	GlobalSection(ProjectConfigurationPlatforms) = postSolution
		{5F5351E0-0BEA-4F96-9E06-E720840431FC}.Debug|Any CPU.ActiveCfg = Debug|Any CPU
		{5F5351E0-0BEA-4F96-9E06-E720840431FC}.Debug|Any CPU.Build.0 = Debug|Any CPU
		{5F5351E0-0BEA-4F96-9E06-E720840431FC}.Release|Any CPU.ActiveCfg = Release|Any CPU
		{5F5351E0-0BEA-4F96-9E06-E720840431FC}.Release|Any CPU.Build.0 = Release|Any CPU
	EndGlobalSection
	GlobalSection(SolutionProperties) = preSolution
		HideSolutionNode = FALSE
	EndGlobalSection
EndGlobal
